
Microsoft Visual Studio Solution File, Format Version 12.00
# Visual Studio Version 17
VisualStudioVersion = 17.10.35027.167
MinimumVisualStudioVersion = 10.0.40219.1
Project("{9A19103F-16F7-4668-BE54-9A1E7A4F7556}") = "ConsoleApp1", "ConsoleApp1\ConsoleApp1.csproj", "{5CF8D49E-10FB-42E7-AE17-4F753318A2B0}"
EndProject
Project("{FAE04EC0-301F-11D3-BF4B-00C04F79EFBC}") = "Calculator", "Calculator\Calculator.csproj", "{44A9D84D-750B-4A47-8B9E-0768AC585438}"
EndProject
Project("{FAE04EC0-301F-11D3-BF4B-00C04F79EFBC}") = "Calculator_Show", "Calculator_Show\Calculator_Show.csproj", "{E3F53CB0-C41D-4985-AA3C-65F78F9B8483}"
EndProject
Global
	GlobalSection(SolutionConfigurationPlatforms) = preSolution
		Debug|Any CPU = Debug|Any CPU
		Release|Any CPU = Release|Any CPU
	EndGlobalSection
	GlobalSection(ProjectConfigurationPlatforms) = postSolution
		{5CF8D49E-10FB-42E7-AE17-4F753318A2B0}.Debug|Any CPU.ActiveCfg = Debug|Any CPU
		{5CF8D49E-10FB-42E7-AE17-4F753318A2B0}.Debug|Any CPU.Build.0 = Debug|Any CPU
		{5CF8D49E-10FB-42E7-AE17-4F753318A2B0}.Release|Any CPU.ActiveCfg = Release|Any CPU
		{5CF8D49E-10FB-42E7-AE17-4F753318A2B0}.Release|Any CPU.Build.0 = Release|Any CPU
		{44A9D84D-750B-4A47-8B9E-0768AC585438}.Debug|Any CPU.ActiveCfg = Debug|Any CPU
		{44A9D84D-750B-4A47-8B9E-0768AC585438}.Debug|Any CPU.Build.0 = Debug|Any CPU
		{44A9D84D-750B-4A47-8B9E-0768AC585438}.Release|Any CPU.ActiveCfg = Release|Any CPU
		{44A9D84D-750B-4A47-8B9E-0768AC585438}.Release|Any CPU.Build.0 = Release|Any CPU
		{E3F53CB0-C41D-4985-AA3C-65F78F9B8483}.Debug|Any CPU.ActiveCfg = Debug|Any CPU
		{E3F53CB0-C41D-4985-AA3C-65F78F9B8483}.Debug|Any CPU.Build.0 = Debug|Any CPU
		{E3F53CB0-C41D-4985-AA3C-65F78F9B8483}.Release|Any CPU.ActiveCfg = Release|Any CPU
		{E3F53CB0-C41D-4985-AA3C-65F78F9B8483}.Release|Any CPU.Build.0 = Release|Any CPU
	EndGlobalSection
	GlobalSection(SolutionProperties) = preSolution
		HideSolutionNode = FALSE
	EndGlobalSection
	GlobalSection(ExtensibilityGlobals) = postSolution
		SolutionGuid = {CBBE13E9-1920-4352-A703-BCFD48C1FA39}
	EndGlobalSection
EndGlobal
