
Microsoft Visual Studio Solution File, Format Version 12.00
# Visual Studio Version 17
VisualStudioVersion = 17.13.35818.85
MinimumVisualStudioVersion = 10.0.40219.1
Project("{FAE04EC0-301F-11D3-BF4B-00C04F79EFBC}") = "OrderSystemTest", "OrderSystemTest\OrderSystemTest.csproj", "{102331A2-9D73-49AB-9A10-D71FB86EFEC0}"
EndProject
Project("{FAE04EC0-301F-11D3-BF4B-00C04F79EFBC}") = "OrderControlSystem", "OrderControlSystem\OrderControlSystem.csproj", "{3A7C0B47-AB8C-4AC9-9F3A-EBD8D24196F4}"
EndProject
Global
	GlobalSection(SolutionConfigurationPlatforms) = preSolution
		Debug|Any CPU = Debug|Any CPU
		Release|Any CPU = Release|Any CPU
	EndGlobalSection
	GlobalSection(ProjectConfigurationPlatforms) = postSolution
		{102331A2-9D73-49AB-9A10-D71FB86EFEC0}.Debug|Any CPU.ActiveCfg = Debug|Any CPU
		{102331A2-9D73-49AB-9A10-D71FB86EFEC0}.Debug|Any CPU.Build.0 = Debug|Any CPU
		{102331A2-9D73-49AB-9A10-D71FB86EFEC0}.Release|Any CPU.ActiveCfg = Release|Any CPU
		{102331A2-9D73-49AB-9A10-D71FB86EFEC0}.Release|Any CPU.Build.0 = Release|Any CPU
		{3A7C0B47-AB8C-4AC9-9F3A-EBD8D24196F4}.Debug|Any CPU.ActiveCfg = Debug|Any CPU
		{3A7C0B47-AB8C-4AC9-9F3A-EBD8D24196F4}.Debug|Any CPU.Build.0 = Debug|Any CPU
		{3A7C0B47-AB8C-4AC9-9F3A-EBD8D24196F4}.Release|Any CPU.ActiveCfg = Release|Any CPU
		{3A7C0B47-AB8C-4AC9-9F3A-EBD8D24196F4}.Release|Any CPU.Build.0 = Release|Any CPU
	EndGlobalSection
	GlobalSection(SolutionProperties) = preSolution
		HideSolutionNode = FALSE
	EndGlobalSection
	GlobalSection(ExtensibilityGlobals) = postSolution
		SolutionGuid = {CB92D6AA-2350-454E-A625-64FFD409432D}
	EndGlobalSection
EndGlobal
